// !$*UTF8*$!
{
	archiveVersion = 1;
	classes = {
	};
	objectVersion = 56;
	objects = {

/* Begin PBXBuildFile section */
		2DA1DF154537DBB35FD6E336 /* Pods_FoodiesTestApp.framework in Frameworks */ = {isa = PBXBuildFile; fileRef = CD244FD05C5650E3DE42CAFC /* Pods_FoodiesTestApp.framework */; };
		84CEA37B2A0D3109005A54D8 /* AppDelegate.swift in Sources */ = {isa = PBXBuildFile; fileRef = 84CEA37A2A0D3109005A54D8 /* AppDelegate.swift */; };
		84CEA3842A0D310B005A54D8 /* Assets.xcassets in Resources */ = {isa = PBXBuildFile; fileRef = 84CEA3832A0D310B005A54D8 /* Assets.xcassets */; };
		84CEA3872A0D310B005A54D8 /* LaunchScreen.storyboard in Resources */ = {isa = PBXBuildFile; fileRef = 84CEA3852A0D310B005A54D8 /* LaunchScreen.storyboard */; };
		84CEA3902A0D3212005A54D8 /* StartService.swift in Sources */ = {isa = PBXBuildFile; fileRef = 84CEA38F2A0D3212005A54D8 /* StartService.swift */; };
		84CEA3962A0D3487005A54D8 /* SplashScreenViewController.swift in Sources */ = {isa = PBXBuildFile; fileRef = 84CEA3952A0D3487005A54D8 /* SplashScreenViewController.swift */; };
		84CEA39E2A0E6BF8005A54D8 /* SplashScreenConstants.swift in Sources */ = {isa = PBXBuildFile; fileRef = 84CEA39D2A0E6BF8005A54D8 /* SplashScreenConstants.swift */; };
		84CEA3A02A0E6C6A005A54D8 /* SplashScreenPresenter.swift in Sources */ = {isa = PBXBuildFile; fileRef = 84CEA39F2A0E6C6A005A54D8 /* SplashScreenPresenter.swift */; };
		84CEA3A32A0E6D4F005A54D8 /* CatalogViewController.swift in Sources */ = {isa = PBXBuildFile; fileRef = 84CEA3A22A0E6D4F005A54D8 /* CatalogViewController.swift */; };
		84CEA3A52A0E6D5E005A54D8 /* CatalogPresenter.swift in Sources */ = {isa = PBXBuildFile; fileRef = 84CEA3A42A0E6D5E005A54D8 /* CatalogPresenter.swift */; };
		84CEA3A72A0E6D68005A54D8 /* CatalogBuilder.swift in Sources */ = {isa = PBXBuildFile; fileRef = 84CEA3A62A0E6D68005A54D8 /* CatalogBuilder.swift */; };
		84CEA3A92A0E6E31005A54D8 /* SplashScreenBuilder.swift in Sources */ = {isa = PBXBuildFile; fileRef = 84CEA3A82A0E6E31005A54D8 /* SplashScreenBuilder.swift */; };
		84CEA3AC2A0E7A98005A54D8 /* Categories.json in Resources */ = {isa = PBXBuildFile; fileRef = 84CEA3AB2A0E7A98005A54D8 /* Categories.json */; };
		84CEA3AE2A0E7AC6005A54D8 /* Tags.json in Resources */ = {isa = PBXBuildFile; fileRef = 84CEA3AD2A0E7AC6005A54D8 /* Tags.json */; };
		84CEA3B02A0E7AF3005A54D8 /* Products.json in Resources */ = {isa = PBXBuildFile; fileRef = 84CEA3AF2A0E7AF3005A54D8 /* Products.json */; };
		84CEA3B22A0E7B21005A54D8 /* SplashScreenAnimation.json in Resources */ = {isa = PBXBuildFile; fileRef = 84CEA3B12A0E7B21005A54D8 /* SplashScreenAnimation.json */; };
		84CEA3B92A0E7D93005A54D8 /* CategoriesCollectionViewCell.swift in Sources */ = {isa = PBXBuildFile; fileRef = 84CEA3B82A0E7D93005A54D8 /* CategoriesCollectionViewCell.swift */; };
		84CEA3BD2A0E7E55005A54D8 /* CategoriesConstants.swift in Sources */ = {isa = PBXBuildFile; fileRef = 84CEA3BC2A0E7E55005A54D8 /* CategoriesConstants.swift */; };
		84CEA3BF2A10CF9D005A54D8 /* Categories.swift in Sources */ = {isa = PBXBuildFile; fileRef = 84CEA3BE2A10CF9D005A54D8 /* Categories.swift */; };
		84CEA3C22A10E515005A54D8 /* CatalogCollectionViewCell.swift in Sources */ = {isa = PBXBuildFile; fileRef = 84CEA3C12A10E515005A54D8 /* CatalogCollectionViewCell.swift */; };
		84CEA3C42A10E570005A54D8 /* Products.swift in Sources */ = {isa = PBXBuildFile; fileRef = 84CEA3C32A10E570005A54D8 /* Products.swift */; };
		84CEA3CE2A139821005A54D8 /* ProductCardTableViewController.swift in Sources */ = {isa = PBXBuildFile; fileRef = 84CEA3CD2A139821005A54D8 /* ProductCardTableViewController.swift */; };
		84CEA3D02A13987D005A54D8 /* InfoTableViewCell.swift in Sources */ = {isa = PBXBuildFile; fileRef = 84CEA3CF2A13987D005A54D8 /* InfoTableViewCell.swift */; };
		84CEA3D32A15550C005A54D8 /* ProductCartViewController.swift in Sources */ = {isa = PBXBuildFile; fileRef = 84CEA3D22A15550C005A54D8 /* ProductCartViewController.swift */; };
		84CEA3D52A155605005A54D8 /* CartTableViewCell.swift in Sources */ = {isa = PBXBuildFile; fileRef = 84CEA3D42A155605005A54D8 /* CartTableViewCell.swift */; };
		84CEA3D92A155EC1005A54D8 /* CatalogConstants.swift in Sources */ = {isa = PBXBuildFile; fileRef = 84CEA3D82A155EC1005A54D8 /* CatalogConstants.swift */; };
/* End PBXBuildFile section */

/* Begin PBXFileReference section */
		4F87244143640E38C9C97482 /* Pods-FoodiesTestApp.release.xcconfig */ = {isa = PBXFileReference; includeInIndex = 1; lastKnownFileType = text.xcconfig; name = "Pods-FoodiesTestApp.release.xcconfig"; path = "Target Support Files/Pods-FoodiesTestApp/Pods-FoodiesTestApp.release.xcconfig"; sourceTree = "<group>"; };
		84CEA3772A0D3109005A54D8 /* FoodiesTestApp.app */ = {isa = PBXFileReference; explicitFileType = wrapper.application; includeInIndex = 0; path = FoodiesTestApp.app; sourceTree = BUILT_PRODUCTS_DIR; };
		84CEA37A2A0D3109005A54D8 /* AppDelegate.swift */ = {isa = PBXFileReference; lastKnownFileType = sourcecode.swift; path = AppDelegate.swift; sourceTree = "<group>"; };
		84CEA3832A0D310B005A54D8 /* Assets.xcassets */ = {isa = PBXFileReference; lastKnownFileType = folder.assetcatalog; path = Assets.xcassets; sourceTree = "<group>"; };
		84CEA3862A0D310B005A54D8 /* Base */ = {isa = PBXFileReference; lastKnownFileType = file.storyboard; name = Base; path = Base.lproj/LaunchScreen.storyboard; sourceTree = "<group>"; };
		84CEA3882A0D310B005A54D8 /* Info.plist */ = {isa = PBXFileReference; lastKnownFileType = text.plist.xml; path = Info.plist; sourceTree = "<group>"; };
		84CEA38F2A0D3212005A54D8 /* StartService.swift */ = {isa = PBXFileReference; lastKnownFileType = sourcecode.swift; path = StartService.swift; sourceTree = "<group>"; };
		84CEA3952A0D3487005A54D8 /* SplashScreenViewController.swift */ = {isa = PBXFileReference; lastKnownFileType = sourcecode.swift; path = SplashScreenViewController.swift; sourceTree = "<group>"; };
		84CEA39D2A0E6BF8005A54D8 /* SplashScreenConstants.swift */ = {isa = PBXFileReference; lastKnownFileType = sourcecode.swift; path = SplashScreenConstants.swift; sourceTree = "<group>"; };
		84CEA39F2A0E6C6A005A54D8 /* SplashScreenPresenter.swift */ = {isa = PBXFileReference; lastKnownFileType = sourcecode.swift; path = SplashScreenPresenter.swift; sourceTree = "<group>"; };
		84CEA3A22A0E6D4F005A54D8 /* CatalogViewController.swift */ = {isa = PBXFileReference; lastKnownFileType = sourcecode.swift; path = CatalogViewController.swift; sourceTree = "<group>"; };
		84CEA3A42A0E6D5E005A54D8 /* CatalogPresenter.swift */ = {isa = PBXFileReference; lastKnownFileType = sourcecode.swift; path = CatalogPresenter.swift; sourceTree = "<group>"; };
		84CEA3A62A0E6D68005A54D8 /* CatalogBuilder.swift */ = {isa = PBXFileReference; lastKnownFileType = sourcecode.swift; path = CatalogBuilder.swift; sourceTree = "<group>"; };
		84CEA3A82A0E6E31005A54D8 /* SplashScreenBuilder.swift */ = {isa = PBXFileReference; lastKnownFileType = sourcecode.swift; path = SplashScreenBuilder.swift; sourceTree = "<group>"; };
		84CEA3AB2A0E7A98005A54D8 /* Categories.json */ = {isa = PBXFileReference; lastKnownFileType = text.json; path = Categories.json; sourceTree = "<group>"; };
		84CEA3AD2A0E7AC6005A54D8 /* Tags.json */ = {isa = PBXFileReference; lastKnownFileType = text.json; path = Tags.json; sourceTree = "<group>"; };
		84CEA3AF2A0E7AF3005A54D8 /* Products.json */ = {isa = PBXFileReference; lastKnownFileType = text.json; path = Products.json; sourceTree = "<group>"; };
		84CEA3B12A0E7B21005A54D8 /* SplashScreenAnimation.json */ = {isa = PBXFileReference; lastKnownFileType = text.json; path = SplashScreenAnimation.json; sourceTree = "<group>"; };
		84CEA3B82A0E7D93005A54D8 /* CategoriesCollectionViewCell.swift */ = {isa = PBXFileReference; lastKnownFileType = sourcecode.swift; path = CategoriesCollectionViewCell.swift; sourceTree = "<group>"; };
		84CEA3BC2A0E7E55005A54D8 /* CategoriesConstants.swift */ = {isa = PBXFileReference; lastKnownFileType = sourcecode.swift; path = CategoriesConstants.swift; sourceTree = "<group>"; };
		84CEA3BE2A10CF9D005A54D8 /* Categories.swift */ = {isa = PBXFileReference; lastKnownFileType = sourcecode.swift; path = Categories.swift; sourceTree = "<group>"; };
		84CEA3C12A10E515005A54D8 /* CatalogCollectionViewCell.swift */ = {isa = PBXFileReference; lastKnownFileType = sourcecode.swift; path = CatalogCollectionViewCell.swift; sourceTree = "<group>"; };
		84CEA3C32A10E570005A54D8 /* Products.swift */ = {isa = PBXFileReference; lastKnownFileType = sourcecode.swift; path = Products.swift; sourceTree = "<group>"; };
		84CEA3CD2A139821005A54D8 /* ProductCardTableViewController.swift */ = {isa = PBXFileReference; lastKnownFileType = sourcecode.swift; path = ProductCardTableViewController.swift; sourceTree = "<group>"; };
		84CEA3CF2A13987D005A54D8 /* InfoTableViewCell.swift */ = {isa = PBXFileReference; lastKnownFileType = sourcecode.swift; path = InfoTableViewCell.swift; sourceTree = "<group>"; };
		84CEA3D22A15550C005A54D8 /* ProductCartViewController.swift */ = {isa = PBXFileReference; lastKnownFileType = sourcecode.swift; path = ProductCartViewController.swift; sourceTree = "<group>"; };
		84CEA3D42A155605005A54D8 /* CartTableViewCell.swift */ = {isa = PBXFileReference; lastKnownFileType = sourcecode.swift; path = CartTableViewCell.swift; sourceTree = "<group>"; };
		84CEA3D82A155EC1005A54D8 /* CatalogConstants.swift */ = {isa = PBXFileReference; lastKnownFileType = sourcecode.swift; path = CatalogConstants.swift; sourceTree = "<group>"; };
		A63D4CAD8A3040BF3B0F99AB /* Pods-FoodiesTestApp.debug.xcconfig */ = {isa = PBXFileReference; includeInIndex = 1; lastKnownFileType = text.xcconfig; name = "Pods-FoodiesTestApp.debug.xcconfig"; path = "Target Support Files/Pods-FoodiesTestApp/Pods-FoodiesTestApp.debug.xcconfig"; sourceTree = "<group>"; };
		CD244FD05C5650E3DE42CAFC /* Pods_FoodiesTestApp.framework */ = {isa = PBXFileReference; explicitFileType = wrapper.framework; includeInIndex = 0; path = Pods_FoodiesTestApp.framework; sourceTree = BUILT_PRODUCTS_DIR; };
/* End PBXFileReference section */

/* Begin PBXFrameworksBuildPhase section */
		84CEA3742A0D3109005A54D8 /* Frameworks */ = {
			isa = PBXFrameworksBuildPhase;
			buildActionMask = 2147483647;
			files = (
				2DA1DF154537DBB35FD6E336 /* Pods_FoodiesTestApp.framework in Frameworks */,
			);
			runOnlyForDeploymentPostprocessing = 0;
		};
/* End PBXFrameworksBuildPhase section */

/* Begin PBXGroup section */
		55CB01D82C3A7D699171542E /* Frameworks */ = {
			isa = PBXGroup;
			children = (
				CD244FD05C5650E3DE42CAFC /* Pods_FoodiesTestApp.framework */,
			);
			name = Frameworks;
			sourceTree = "<group>";
		};
		84CEA36E2A0D3109005A54D8 = {
			isa = PBXGroup;
			children = (
				84CEA3792A0D3109005A54D8 /* FoodiesTestApp */,
				84CEA3782A0D3109005A54D8 /* Products */,
				DEFA292AB08E1CBB05131883 /* Pods */,
				55CB01D82C3A7D699171542E /* Frameworks */,
			);
			sourceTree = "<group>";
		};
		84CEA3782A0D3109005A54D8 /* Products */ = {
			isa = PBXGroup;
			children = (
				84CEA3772A0D3109005A54D8 /* FoodiesTestApp.app */,
			);
			name = Products;
			sourceTree = "<group>";
		};
		84CEA3792A0D3109005A54D8 /* FoodiesTestApp */ = {
			isa = PBXGroup;
			children = (
				84CEA39C2A0E6BE9005A54D8 /* Constants */,
				84CEA39B2A0E67FA005A54D8 /* Scenes */,
				84CEA3932A0D3460005A54D8 /* Models */,
				84CEA3AA2A0E7A7B005A54D8 /* Jsons */,
				84CEA38E2A0D3203005A54D8 /* Services */,
				84CEA37A2A0D3109005A54D8 /* AppDelegate.swift */,
				84CEA3832A0D310B005A54D8 /* Assets.xcassets */,
				84CEA3852A0D310B005A54D8 /* LaunchScreen.storyboard */,
				84CEA3882A0D310B005A54D8 /* Info.plist */,
			);
			path = FoodiesTestApp;
			sourceTree = "<group>";
		};
		84CEA38E2A0D3203005A54D8 /* Services */ = {
			isa = PBXGroup;
			children = (
				84CEA38F2A0D3212005A54D8 /* StartService.swift */,
			);
			path = Services;
			sourceTree = "<group>";
		};
		84CEA3932A0D3460005A54D8 /* Models */ = {
			isa = PBXGroup;
			children = (
				84CEA3BE2A10CF9D005A54D8 /* Categories.swift */,
				84CEA3C32A10E570005A54D8 /* Products.swift */,
			);
			path = Models;
			sourceTree = "<group>";
		};
		84CEA3942A0D3466005A54D8 /* SplashScreen */ = {
			isa = PBXGroup;
			children = (
				84CEA3952A0D3487005A54D8 /* SplashScreenViewController.swift */,
				84CEA39F2A0E6C6A005A54D8 /* SplashScreenPresenter.swift */,
				84CEA3A82A0E6E31005A54D8 /* SplashScreenBuilder.swift */,
			);
			path = SplashScreen;
			sourceTree = "<group>";
		};
		84CEA39B2A0E67FA005A54D8 /* Scenes */ = {
			isa = PBXGroup;
			children = (
				84CEA3A12A0E6D2E005A54D8 /* Catalog */,
				84CEA3942A0D3466005A54D8 /* SplashScreen */,
			);
			path = Scenes;
			sourceTree = "<group>";
		};
		84CEA39C2A0E6BE9005A54D8 /* Constants */ = {
			isa = PBXGroup;
			children = (
				84CEA39D2A0E6BF8005A54D8 /* SplashScreenConstants.swift */,
				84CEA3BC2A0E7E55005A54D8 /* CategoriesConstants.swift */,
				84CEA3D82A155EC1005A54D8 /* CatalogConstants.swift */,
			);
			path = Constants;
			sourceTree = "<group>";
		};
		84CEA3A12A0E6D2E005A54D8 /* Catalog */ = {
			isa = PBXGroup;
			children = (
				84CEA3D12A1554FA005A54D8 /* ProductCart */,
				84CEA3C52A12AAAC005A54D8 /* ProductCard */,
				84CEA3B62A0E7D4D005A54D8 /* Collections */,
				84CEA3A22A0E6D4F005A54D8 /* CatalogViewController.swift */,
				84CEA3A42A0E6D5E005A54D8 /* CatalogPresenter.swift */,
				84CEA3A62A0E6D68005A54D8 /* CatalogBuilder.swift */,
			);
			path = Catalog;
			sourceTree = "<group>";
		};
		84CEA3AA2A0E7A7B005A54D8 /* Jsons */ = {
			isa = PBXGroup;
			children = (
				84CEA3AB2A0E7A98005A54D8 /* Categories.json */,
				84CEA3AD2A0E7AC6005A54D8 /* Tags.json */,
				84CEA3AF2A0E7AF3005A54D8 /* Products.json */,
				84CEA3B12A0E7B21005A54D8 /* SplashScreenAnimation.json */,
			);
			path = Jsons;
			sourceTree = "<group>";
		};
		84CEA3B62A0E7D4D005A54D8 /* Collections */ = {
			isa = PBXGroup;
			children = (
				84CEA3B82A0E7D93005A54D8 /* CategoriesCollectionViewCell.swift */,
				84CEA3C12A10E515005A54D8 /* CatalogCollectionViewCell.swift */,
			);
			path = Collections;
			sourceTree = "<group>";
		};
		84CEA3C52A12AAAC005A54D8 /* ProductCard */ = {
			isa = PBXGroup;
			children = (
				84CEA3CD2A139821005A54D8 /* ProductCardTableViewController.swift */,
				84CEA3CF2A13987D005A54D8 /* InfoTableViewCell.swift */,
			);
			path = ProductCard;
			sourceTree = "<group>";
		};
		84CEA3D12A1554FA005A54D8 /* ProductCart */ = {
			isa = PBXGroup;
			children = (
				84CEA3D22A15550C005A54D8 /* ProductCartViewController.swift */,
				84CEA3D42A155605005A54D8 /* CartTableViewCell.swift */,
			);
			path = ProductCart;
			sourceTree = "<group>";
		};
		DEFA292AB08E1CBB05131883 /* Pods */ = {
			isa = PBXGroup;
			children = (
				A63D4CAD8A3040BF3B0F99AB /* Pods-FoodiesTestApp.debug.xcconfig */,
				4F87244143640E38C9C97482 /* Pods-FoodiesTestApp.release.xcconfig */,
			);
			path = Pods;
			sourceTree = "<group>";
		};
/* End PBXGroup section */

/* Begin PBXNativeTarget section */
		84CEA3762A0D3109005A54D8 /* FoodiesTestApp */ = {
			isa = PBXNativeTarget;
			buildConfigurationList = 84CEA38B2A0D310B005A54D8 /* Build configuration list for PBXNativeTarget "FoodiesTestApp" */;
			buildPhases = (
				736765A66CA98C4CB31EA490 /* [CP] Check Pods Manifest.lock */,
				84CEA3732A0D3109005A54D8 /* Sources */,
				84CEA3742A0D3109005A54D8 /* Frameworks */,
				84CEA3752A0D3109005A54D8 /* Resources */,
				DD726FF7D0D26D05740781F4 /* [CP] Embed Pods Frameworks */,
			);
			buildRules = (
			);
			dependencies = (
			);
			name = FoodiesTestApp;
			productName = FoodiesTestApp;
			productReference = 84CEA3772A0D3109005A54D8 /* FoodiesTestApp.app */;
			productType = "com.apple.product-type.application";
		};
/* End PBXNativeTarget section */

/* Begin PBXProject section */
		84CEA36F2A0D3109005A54D8 /* Project object */ = {
			isa = PBXProject;
			attributes = {
				BuildIndependentTargetsInParallel = 1;
				LastSwiftUpdateCheck = 1430;
				LastUpgradeCheck = 1430;
				TargetAttributes = {
					84CEA3762A0D3109005A54D8 = {
						CreatedOnToolsVersion = 14.3;
					};
				};
			};
			buildConfigurationList = 84CEA3722A0D3109005A54D8 /* Build configuration list for PBXProject "FoodiesTestApp" */;
			compatibilityVersion = "Xcode 14.0";
			developmentRegion = en;
			hasScannedForEncodings = 0;
			knownRegions = (
				en,
				Base,
			);
			mainGroup = 84CEA36E2A0D3109005A54D8;
			productRefGroup = 84CEA3782A0D3109005A54D8 /* Products */;
			projectDirPath = "";
			projectRoot = "";
			targets = (
				84CEA3762A0D3109005A54D8 /* FoodiesTestApp */,
			);
		};
/* End PBXProject section */

/* Begin PBXResourcesBuildPhase section */
		84CEA3752A0D3109005A54D8 /* Resources */ = {
			isa = PBXResourcesBuildPhase;
			buildActionMask = 2147483647;
			files = (
				84CEA3AE2A0E7AC6005A54D8 /* Tags.json in Resources */,
				84CEA3B22A0E7B21005A54D8 /* SplashScreenAnimation.json in Resources */,
				84CEA3AC2A0E7A98005A54D8 /* Categories.json in Resources */,
				84CEA3872A0D310B005A54D8 /* LaunchScreen.storyboard in Resources */,
				84CEA3842A0D310B005A54D8 /* Assets.xcassets in Resources */,
				84CEA3B02A0E7AF3005A54D8 /* Products.json in Resources */,
			);
			runOnlyForDeploymentPostprocessing = 0;
		};
/* End PBXResourcesBuildPhase section */

/* Begin PBXShellScriptBuildPhase section */
		736765A66CA98C4CB31EA490 /* [CP] Check Pods Manifest.lock */ = {
			isa = PBXShellScriptBuildPhase;
			buildActionMask = 2147483647;
			files = (
			);
			inputFileListPaths = (
			);
			inputPaths = (
				"${PODS_PODFILE_DIR_PATH}/Podfile.lock",
				"${PODS_ROOT}/Manifest.lock",
			);
			name = "[CP] Check Pods Manifest.lock";
			outputFileListPaths = (
			);
			outputPaths = (
				"$(DERIVED_FILE_DIR)/Pods-FoodiesTestApp-checkManifestLockResult.txt",
			);
			runOnlyForDeploymentPostprocessing = 0;
			shellPath = /bin/sh;
			shellScript = "diff \"${PODS_PODFILE_DIR_PATH}/Podfile.lock\" \"${PODS_ROOT}/Manifest.lock\" > /dev/null\nif [ $? != 0 ] ; then\n    # print error to STDERR\n    echo \"error: The sandbox is not in sync with the Podfile.lock. Run 'pod install' or update your CocoaPods installation.\" >&2\n    exit 1\nfi\n# This output is used by Xcode 'outputs' to avoid re-running this script phase.\necho \"SUCCESS\" > \"${SCRIPT_OUTPUT_FILE_0}\"\n";
			showEnvVarsInLog = 0;
		};
		DD726FF7D0D26D05740781F4 /* [CP] Embed Pods Frameworks */ = {
			isa = PBXShellScriptBuildPhase;
			buildActionMask = 2147483647;
			files = (
			);
			inputFileListPaths = (
				"${PODS_ROOT}/Target Support Files/Pods-FoodiesTestApp/Pods-FoodiesTestApp-frameworks-${CONFIGURATION}-input-files.xcfilelist",
			);
			name = "[CP] Embed Pods Frameworks";
			outputFileListPaths = (
				"${PODS_ROOT}/Target Support Files/Pods-FoodiesTestApp/Pods-FoodiesTestApp-frameworks-${CONFIGURATION}-output-files.xcfilelist",
			);
			runOnlyForDeploymentPostprocessing = 0;
			shellPath = /bin/sh;
			shellScript = "\"${PODS_ROOT}/Target Support Files/Pods-FoodiesTestApp/Pods-FoodiesTestApp-frameworks.sh\"\n";
			showEnvVarsInLog = 0;
		};
/* End PBXShellScriptBuildPhase section */

/* Begin PBXSourcesBuildPhase section */
		84CEA3732A0D3109005A54D8 /* Sources */ = {
			isa = PBXSourcesBuildPhase;
			buildActionMask = 2147483647;
			files = (
				84CEA3D92A155EC1005A54D8 /* CatalogConstants.swift in Sources */,
				84CEA3A32A0E6D4F005A54D8 /* CatalogViewController.swift in Sources */,
				84CEA3A72A0E6D68005A54D8 /* CatalogBuilder.swift in Sources */,
				84CEA3A92A0E6E31005A54D8 /* SplashScreenBuilder.swift in Sources */,
				84CEA3C42A10E570005A54D8 /* Products.swift in Sources */,
				84CEA3A02A0E6C6A005A54D8 /* SplashScreenPresenter.swift in Sources */,
				84CEA3D52A155605005A54D8 /* CartTableViewCell.swift in Sources */,
				84CEA3B92A0E7D93005A54D8 /* CategoriesCollectionViewCell.swift in Sources */,
				84CEA3BF2A10CF9D005A54D8 /* Categories.swift in Sources */,
				84CEA3D32A15550C005A54D8 /* ProductCartViewController.swift in Sources */,
				84CEA3CE2A139821005A54D8 /* ProductCardTableViewController.swift in Sources */,
				84CEA3D02A13987D005A54D8 /* InfoTableViewCell.swift in Sources */,
				84CEA3902A0D3212005A54D8 /* StartService.swift in Sources */,
				84CEA3BD2A0E7E55005A54D8 /* CategoriesConstants.swift in Sources */,
				84CEA3962A0D3487005A54D8 /* SplashScreenViewController.swift in Sources */,
				84CEA39E2A0E6BF8005A54D8 /* SplashScreenConstants.swift in Sources */,
				84CEA3A52A0E6D5E005A54D8 /* CatalogPresenter.swift in Sources */,
				84CEA37B2A0D3109005A54D8 /* AppDelegate.swift in Sources */,
				84CEA3C22A10E515005A54D8 /* CatalogCollectionViewCell.swift in Sources */,
			);
			runOnlyForDeploymentPostprocessing = 0;
		};
/* End PBXSourcesBuildPhase section */

/* Begin PBXVariantGroup section */
		84CEA3852A0D310B005A54D8 /* LaunchScreen.storyboard */ = {
			isa = PBXVariantGroup;
			children = (
				84CEA3862A0D310B005A54D8 /* Base */,
			);
			name = LaunchScreen.storyboard;
			sourceTree = "<group>";
		};
/* End PBXVariantGroup section */

/* Begin XCBuildConfiguration section */
		84CEA3892A0D310B005A54D8 /* Debug */ = {
			isa = XCBuildConfiguration;
			buildSettings = {
				ALWAYS_SEARCH_USER_PATHS = NO;
				CLANG_ANALYZER_NONNULL = YES;
				CLANG_ANALYZER_NUMBER_OBJECT_CONVERSION = YES_AGGRESSIVE;
				CLANG_CXX_LANGUAGE_STANDARD = "gnu++20";
				CLANG_ENABLE_MODULES = YES;
				CLANG_ENABLE_OBJC_ARC = YES;
				CLANG_ENABLE_OBJC_WEAK = YES;
				CLANG_WARN_BLOCK_CAPTURE_AUTORELEASING = YES;
				CLANG_WARN_BOOL_CONVERSION = YES;
				CLANG_WARN_COMMA = YES;
				CLANG_WARN_CONSTANT_CONVERSION = YES;
				CLANG_WARN_DEPRECATED_OBJC_IMPLEMENTATIONS = YES;
				CLANG_WARN_DIRECT_OBJC_ISA_USAGE = YES_ERROR;
				CLANG_WARN_DOCUMENTATION_COMMENTS = YES;
				CLANG_WARN_EMPTY_BODY = YES;
				CLANG_WARN_ENUM_CONVERSION = YES;
				CLANG_WARN_INFINITE_RECURSION = YES;
				CLANG_WARN_INT_CONVERSION = YES;
				CLANG_WARN_NON_LITERAL_NULL_CONVERSION = YES;
				CLANG_WARN_OBJC_IMPLICIT_RETAIN_SELF = YES;
				CLANG_WARN_OBJC_LITERAL_CONVERSION = YES;
				CLANG_WARN_OBJC_ROOT_CLASS = YES_ERROR;
				CLANG_WARN_QUOTED_INCLUDE_IN_FRAMEWORK_HEADER = YES;
				CLANG_WARN_RANGE_LOOP_ANALYSIS = YES;
				CLANG_WARN_STRICT_PROTOTYPES = YES;
				CLANG_WARN_SUSPICIOUS_MOVE = YES;
				CLANG_WARN_UNGUARDED_AVAILABILITY = YES_AGGRESSIVE;
				CLANG_WARN_UNREACHABLE_CODE = YES;
				CLANG_WARN__DUPLICATE_METHOD_MATCH = YES;
				COPY_PHASE_STRIP = NO;
				DEBUG_INFORMATION_FORMAT = dwarf;
				ENABLE_STRICT_OBJC_MSGSEND = YES;
				ENABLE_TESTABILITY = YES;
				GCC_C_LANGUAGE_STANDARD = gnu11;
				GCC_DYNAMIC_NO_PIC = NO;
				GCC_NO_COMMON_BLOCKS = YES;
				GCC_OPTIMIZATION_LEVEL = 0;
				GCC_PREPROCESSOR_DEFINITIONS = (
					"DEBUG=1",
					"$(inherited)",
				);
				GCC_WARN_64_TO_32_BIT_CONVERSION = YES;
				GCC_WARN_ABOUT_RETURN_TYPE = YES_ERROR;
				GCC_WARN_UNDECLARED_SELECTOR = YES;
				GCC_WARN_UNINITIALIZED_AUTOS = YES_AGGRESSIVE;
				GCC_WARN_UNUSED_FUNCTION = YES;
				GCC_WARN_UNUSED_VARIABLE = YES;
				IPHONEOS_DEPLOYMENT_TARGET = 16.4;
				MTL_ENABLE_DEBUG_INFO = INCLUDE_SOURCE;
				MTL_FAST_MATH = YES;
				ONLY_ACTIVE_ARCH = YES;
				SDKROOT = iphoneos;
				SWIFT_ACTIVE_COMPILATION_CONDITIONS = DEBUG;
				SWIFT_OPTIMIZATION_LEVEL = "-Onone";
			};
			name = Debug;
		};
		84CEA38A2A0D310B005A54D8 /* Release */ = {
			isa = XCBuildConfiguration;
			buildSettings = {
				ALWAYS_SEARCH_USER_PATHS = NO;
				CLANG_ANALYZER_NONNULL = YES;
				CLANG_ANALYZER_NUMBER_OBJECT_CONVERSION = YES_AGGRESSIVE;
				CLANG_CXX_LANGUAGE_STANDARD = "gnu++20";
				CLANG_ENABLE_MODULES = YES;
				CLANG_ENABLE_OBJC_ARC = YES;
				CLANG_ENABLE_OBJC_WEAK = YES;
				CLANG_WARN_BLOCK_CAPTURE_AUTORELEASING = YES;
				CLANG_WARN_BOOL_CONVERSION = YES;
				CLANG_WARN_COMMA = YES;
				CLANG_WARN_CONSTANT_CONVERSION = YES;
				CLANG_WARN_DEPRECATED_OBJC_IMPLEMENTATIONS = YES;
				CLANG_WARN_DIRECT_OBJC_ISA_USAGE = YES_ERROR;
				CLANG_WARN_DOCUMENTATION_COMMENTS = YES;
				CLANG_WARN_EMPTY_BODY = YES;
				CLANG_WARN_ENUM_CONVERSION = YES;
				CLANG_WARN_INFINITE_RECURSION = YES;
				CLANG_WARN_INT_CONVERSION = YES;
				CLANG_WARN_NON_LITERAL_NULL_CONVERSION = YES;
				CLANG_WARN_OBJC_IMPLICIT_RETAIN_SELF = YES;
				CLANG_WARN_OBJC_LITERAL_CONVERSION = YES;
				CLANG_WARN_OBJC_ROOT_CLASS = YES_ERROR;
				CLANG_WARN_QUOTED_INCLUDE_IN_FRAMEWORK_HEADER = YES;
				CLANG_WARN_RANGE_LOOP_ANALYSIS = YES;
				CLANG_WARN_STRICT_PROTOTYPES = YES;
				CLANG_WARN_SUSPICIOUS_MOVE = YES;
				CLANG_WARN_UNGUARDED_AVAILABILITY = YES_AGGRESSIVE;
				CLANG_WARN_UNREACHABLE_CODE = YES;
				CLANG_WARN__DUPLICATE_METHOD_MATCH = YES;
				COPY_PHASE_STRIP = NO;
				DEBUG_INFORMATION_FORMAT = "dwarf-with-dsym";
				ENABLE_NS_ASSERTIONS = NO;
				ENABLE_STRICT_OBJC_MSGSEND = YES;
				GCC_C_LANGUAGE_STANDARD = gnu11;
				GCC_NO_COMMON_BLOCKS = YES;
				GCC_WARN_64_TO_32_BIT_CONVERSION = YES;
				GCC_WARN_ABOUT_RETURN_TYPE = YES_ERROR;
				GCC_WARN_UNDECLARED_SELECTOR = YES;
				GCC_WARN_UNINITIALIZED_AUTOS = YES_AGGRESSIVE;
				GCC_WARN_UNUSED_FUNCTION = YES;
				GCC_WARN_UNUSED_VARIABLE = YES;
				IPHONEOS_DEPLOYMENT_TARGET = 16.4;
				MTL_ENABLE_DEBUG_INFO = NO;
				MTL_FAST_MATH = YES;
				SDKROOT = iphoneos;
				SWIFT_COMPILATION_MODE = wholemodule;
				SWIFT_OPTIMIZATION_LEVEL = "-O";
				VALIDATE_PRODUCT = YES;
			};
			name = Release;
		};
		84CEA38C2A0D310B005A54D8 /* Debug */ = {
			isa = XCBuildConfiguration;
			baseConfigurationReference = A63D4CAD8A3040BF3B0F99AB /* Pods-FoodiesTestApp.debug.xcconfig */;
			buildSettings = {
				ASSETCATALOG_COMPILER_APPICON_NAME = AppIcon;
				ASSETCATALOG_COMPILER_GLOBAL_ACCENT_COLOR_NAME = AccentColor;
				CODE_SIGN_STYLE = Automatic;
				CURRENT_PROJECT_VERSION = 1;
				DEVELOPMENT_TEAM = 9MHYTDB9DP;
				GENERATE_INFOPLIST_FILE = YES;
				INFOPLIST_FILE = FoodiesTestApp/Info.plist;
				INFOPLIST_KEY_UIApplicationSupportsIndirectInputEvents = YES;
				INFOPLIST_KEY_UILaunchStoryboardName = LaunchScreen;
				INFOPLIST_KEY_UISupportedInterfaceOrientations = UIInterfaceOrientationPortrait;
				LD_RUNPATH_SEARCH_PATHS = (
					"$(inherited)",
					"@executable_path/Frameworks",
				);
				MARKETING_VERSION = 1.0;
				PRODUCT_BUNDLE_IDENTIFIER = com.evoroncova.FoodiesTestApp;
				PRODUCT_NAME = "$(TARGET_NAME)";
				SWIFT_EMIT_LOC_STRINGS = YES;
				SWIFT_VERSION = 5.0;
				TARGETED_DEVICE_FAMILY = "1,2";
			};
			name = Debug;
		};
		84CEA38D2A0D310B005A54D8 /* Release */ = {
			isa = XCBuildConfiguration;
			baseConfigurationReference = 4F87244143640E38C9C97482 /* Pods-FoodiesTestApp.release.xcconfig */;
			buildSettings = {
				ASSETCATALOG_COMPILER_APPICON_NAME = AppIcon;
				ASSETCATALOG_COMPILER_GLOBAL_ACCENT_COLOR_NAME = AccentColor;
				CODE_SIGN_STYLE = Automatic;
				CURRENT_PROJECT_VERSION = 1;
				DEVELOPMENT_TEAM = 9MHYTDB9DP;
				GENERATE_INFOPLIST_FILE = YES;
				INFOPLIST_FILE = FoodiesTestApp/Info.plist;
				INFOPLIST_KEY_UIApplicationSupportsIndirectInputEvents = YES;
				INFOPLIST_KEY_UILaunchStoryboardName = LaunchScreen;
				INFOPLIST_KEY_UISupportedInterfaceOrientations = UIInterfaceOrientationPortrait;
				LD_RUNPATH_SEARCH_PATHS = (
					"$(inherited)",
					"@executable_path/Frameworks",
				);
				MARKETING_VERSION = 1.0;
				PRODUCT_BUNDLE_IDENTIFIER = com.evoroncova.FoodiesTestApp;
				PRODUCT_NAME = "$(TARGET_NAME)";
				SWIFT_EMIT_LOC_STRINGS = YES;
				SWIFT_VERSION = 5.0;
				TARGETED_DEVICE_FAMILY = "1,2";
			};
			name = Release;
		};
/* End XCBuildConfiguration section */

/* Begin XCConfigurationList section */
		84CEA3722A0D3109005A54D8 /* Build configuration list for PBXProject "FoodiesTestApp" */ = {
			isa = XCConfigurationList;
			buildConfigurations = (
				84CEA3892A0D310B005A54D8 /* Debug */,
				84CEA38A2A0D310B005A54D8 /* Release */,
			);
			defaultConfigurationIsVisible = 0;
			defaultConfigurationName = Release;
		};
		84CEA38B2A0D310B005A54D8 /* Build configuration list for PBXNativeTarget "FoodiesTestApp" */ = {
			isa = XCConfigurationList;
			buildConfigurations = (
				84CEA38C2A0D310B005A54D8 /* Debug */,
				84CEA38D2A0D310B005A54D8 /* Release */,
			);
			defaultConfigurationIsVisible = 0;
			defaultConfigurationName = Release;
		};
/* End XCConfigurationList section */
	};
	rootObject = 84CEA36F2A0D3109005A54D8 /* Project object */;
}
